
Microsoft Visual Studio Solution File, Format Version 12.00
# Visual Studio Version 16
VisualStudioVersion = 16.0.31729.503
MinimumVisualStudioVersion = 10.0.40219.1
Project("{8BC9CEB8-8B4A-11D0-8D11-00A0C91BC942}") = "EX3", "EX3\EX3.vcxproj", "{FEAB3CF5-E0DF-4512-B693-EF44F6B8FEE7}"
EndProject
Global
	GlobalSection(SolutionConfigurationPlatforms) = preSolution
		Debug|x64 = Debug|x64
		Debug|x86 = Debug|x86
		Release|x64 = Release|x64
		Release|x86 = Release|x86
	EndGlobalSection
	GlobalSection(ProjectConfigurationPlatforms) = postSolution
		{FEAB3CF5-E0DF-4512-B693-EF44F6B8FEE7}.Debug|x64.ActiveCfg = Debug|x64
		{FEAB3CF5-E0DF-4512-B693-EF44F6B8FEE7}.Debug|x64.Build.0 = Debug|x64
		{FEAB3CF5-E0DF-4512-B693-EF44F6B8FEE7}.Debug|x86.ActiveCfg = Debug|Win32
		{FEAB3CF5-E0DF-4512-B693-EF44F6B8FEE7}.Debug|x86.Build.0 = Debug|Win32
		{FEAB3CF5-E0DF-4512-B693-EF44F6B8FEE7}.Release|x64.ActiveCfg = Release|x64
		{FEAB3CF5-E0DF-4512-B693-EF44F6B8FEE7}.Release|x64.Build.0 = Release|x64
		{FEAB3CF5-E0DF-4512-B693-EF44F6B8FEE7}.Release|x86.ActiveCfg = Release|Win32
		{FEAB3CF5-E0DF-4512-B693-EF44F6B8FEE7}.Release|x86.Build.0 = Release|Win32
	EndGlobalSection
	GlobalSection(SolutionProperties) = preSolution
		HideSolutionNode = FALSE
	EndGlobalSection
	GlobalSection(ExtensibilityGlobals) = postSolution
		SolutionGuid = {A98C82EB-7462-428E-A115-971A66731C85}
	EndGlobalSection
EndGlobal
